
Microsoft Visual Studio Solution File, Format Version 12.00
# Visual Studio 15
VisualStudioVersion = 15.0.28307.1000
MinimumVisualStudioVersion = 10.0.40219.1
Project("{FAE04EC0-301F-11D3-BF4B-00C04F79EFBC}") = "PawnRenderPatchForHD", "PawnRenderPatchForHD.csproj", "{E703CE13-25A3-4D5D-985C-AA947B974F6E}"
EndProject
Global
	GlobalSection(SolutionConfigurationPlatforms) = preSolution
		Debug|Any CPU = Debug|Any CPU
		Release|Any CPU = Release|Any CPU
	EndGlobalSection
	GlobalSection(ProjectConfigurationPlatforms) = postSolution
		{E703CE13-25A3-4D5D-985C-AA947B974F6E}.Debug|Any CPU.ActiveCfg = Debug|Any CPU
		{E703CE13-25A3-4D5D-985C-AA947B974F6E}.Debug|Any CPU.Build.0 = Debug|Any CPU
		{E703CE13-25A3-4D5D-985C-AA947B974F6E}.Release|Any CPU.ActiveCfg = Release|Any CPU
		{E703CE13-25A3-4D5D-985C-AA947B974F6E}.Release|Any CPU.Build.0 = Release|Any CPU
	EndGlobalSection
	GlobalSection(SolutionProperties) = preSolution
		HideSolutionNode = FALSE
	EndGlobalSection
	GlobalSection(ExtensibilityGlobals) = postSolution
		SolutionGuid = {F6B5EB74-ACAF-4881-B363-68EEABFF8F24}
	EndGlobalSection
EndGlobal
