
Microsoft Visual Studio Solution File, Format Version 12.00
# Visual Studio 15
VisualStudioVersion = 15.0.28010.2050
MinimumVisualStudioVersion = 10.0.40219.1
Project("{FAE04EC0-301F-11D3-BF4B-00C04F79EFBC}") = "TicksPerSecond", "TicksPerSecond\TicksPerSecond.csproj", "{DFA1DAC8-A9CB-4A36-969B-6CEC02EF8615}"
EndProject
Global
	GlobalSection(SolutionConfigurationPlatforms) = preSolution
		Debug|Any CPU = Debug|Any CPU
		Release|Any CPU = Release|Any CPU
	EndGlobalSection
	GlobalSection(ProjectConfigurationPlatforms) = postSolution
		{DFA1DAC8-A9CB-4A36-969B-6CEC02EF8615}.Debug|Any CPU.ActiveCfg = Debug|Any CPU
		{DFA1DAC8-A9CB-4A36-969B-6CEC02EF8615}.Debug|Any CPU.Build.0 = Debug|Any CPU
		{DFA1DAC8-A9CB-4A36-969B-6CEC02EF8615}.Release|Any CPU.ActiveCfg = Release|Any CPU
		{DFA1DAC8-A9CB-4A36-969B-6CEC02EF8615}.Release|Any CPU.Build.0 = Release|Any CPU
	EndGlobalSection
	GlobalSection(SolutionProperties) = preSolution
		HideSolutionNode = FALSE
	EndGlobalSection
	GlobalSection(ExtensibilityGlobals) = postSolution
		SolutionGuid = {FA8CE97E-A2D8-4810-BD96-EB09A43C4032}
	EndGlobalSection
EndGlobal
