
Microsoft Visual Studio Solution File, Format Version 12.00
# Visual Studio Version 16
VisualStudioVersion = 16.0.30011.22
MinimumVisualStudioVersion = 10.0.40219.1
Project("{FAE04EC0-301F-11D3-BF4B-00C04F79EFBC}") = "AutoPatcher", "AutoPatcher.csproj", "{8853D5B4-7350-4D62-B81F-949CFE84CF9E}"
EndProject
Global
	GlobalSection(SolutionConfigurationPlatforms) = preSolution
		1.1|Any CPU = 1.1|Any CPU
		1.2|Any CPU = 1.2|Any CPU
		1.3|Any CPU = 1.3|Any CPU
		Debug|Any CPU = Debug|Any CPU
	EndGlobalSection
	GlobalSection(ProjectConfigurationPlatforms) = postSolution
		{8853D5B4-7350-4D62-B81F-949CFE84CF9E}.1.1|Any CPU.ActiveCfg = 1.1|Any CPU
		{8853D5B4-7350-4D62-B81F-949CFE84CF9E}.1.1|Any CPU.Build.0 = 1.1|Any CPU
		{8853D5B4-7350-4D62-B81F-949CFE84CF9E}.1.2|Any CPU.ActiveCfg = 1.2|Any CPU
		{8853D5B4-7350-4D62-B81F-949CFE84CF9E}.1.2|Any CPU.Build.0 = 1.2|Any CPU
		{8853D5B4-7350-4D62-B81F-949CFE84CF9E}.1.3|Any CPU.ActiveCfg = 1.3|Any CPU
		{8853D5B4-7350-4D62-B81F-949CFE84CF9E}.1.3|Any CPU.Build.0 = 1.3|Any CPU
		{8853D5B4-7350-4D62-B81F-949CFE84CF9E}.Debug|Any CPU.ActiveCfg = Debug|Any CPU
		{8853D5B4-7350-4D62-B81F-949CFE84CF9E}.Debug|Any CPU.Build.0 = Debug|Any CPU
	EndGlobalSection
	GlobalSection(SolutionProperties) = preSolution
		HideSolutionNode = FALSE
	EndGlobalSection
	GlobalSection(ExtensibilityGlobals) = postSolution
		SolutionGuid = {97AF52FD-B8CE-4C1C-AB81-B7C56B064A72}
	EndGlobalSection
EndGlobal
